
Microsoft Visual Studio Solution File, Format Version 12.00
# Visual Studio Version 17
VisualStudioVersion = 17.12.35514.174
MinimumVisualStudioVersion = 10.0.40219.1
Project("{FAE04EC0-301F-11D3-BF4B-00C04F79EFBC}") = "Starlight.Backend", "Starlight.Backend\Starlight.Backend.csproj", "{B2875742-0928-4F78-951D-9DBBB98BA96D}"
EndProject
Project("{FAE04EC0-301F-11D3-BF4B-00C04F79EFBC}") = "Starlight.Emotiv", "Starlight.Emotiv\Starlight.Emotiv.csproj", "{2083E257-AFFA-402F-B3A2-BA96C89380FB}"
EndProject
Global
	GlobalSection(SolutionConfigurationPlatforms) = preSolution
		Debug|Any CPU = Debug|Any CPU
		Release|Any CPU = Release|Any CPU
	EndGlobalSection
	GlobalSection(ProjectConfigurationPlatforms) = postSolution
		{B2875742-0928-4F78-951D-9DBBB98BA96D}.Debug|Any CPU.ActiveCfg = Debug|Any CPU
		{B2875742-0928-4F78-951D-9DBBB98BA96D}.Debug|Any CPU.Build.0 = Debug|Any CPU
		{B2875742-0928-4F78-951D-9DBBB98BA96D}.Release|Any CPU.ActiveCfg = Release|Any CPU
		{B2875742-0928-4F78-951D-9DBBB98BA96D}.Release|Any CPU.Build.0 = Release|Any CPU
		{2083E257-AFFA-402F-B3A2-BA96C89380FB}.Debug|Any CPU.ActiveCfg = Debug|Any CPU
		{2083E257-AFFA-402F-B3A2-BA96C89380FB}.Debug|Any CPU.Build.0 = Debug|Any CPU
		{2083E257-AFFA-402F-B3A2-BA96C89380FB}.Release|Any CPU.ActiveCfg = Release|Any CPU
		{2083E257-AFFA-402F-B3A2-BA96C89380FB}.Release|Any CPU.Build.0 = Release|Any CPU
	EndGlobalSection
	GlobalSection(SolutionProperties) = preSolution
		HideSolutionNode = FALSE
	EndGlobalSection
EndGlobal
